// !$*UTF8*$!
{
	archiveVersion = 1;
	classes = {
	};
	objectVersion = 46;
	objects = {

/* Begin PBXBuildFile section */
		D30BE1961CCF85AF00CC3AD9 /* main.c in Sources */ = {isa = PBXBuildFile; fileRef = D30BE1951CCF85AF00CC3AD9 /* main.c */; };
/* End PBXBuildFile section */

/* Begin PBXCopyFilesBuildPhase section */
		D30BE1901CCF85AF00CC3AD9 /* CopyFiles */ = {
			isa = PBXCopyFilesBuildPhase;
			buildActionMask = 2147483647;
			dstPath = /usr/share/man/man1/;
			dstSubfolderSpec = 0;
			files = (
			);
			runOnlyForDeploymentPostprocessing = 1;
		};
/* End PBXCopyFilesBuildPhase section */

/* Begin PBXFileReference section */
		D30BE1921CCF85AF00CC3AD9 /* Frame_Processor_Assignment */ = {isa = PBXFileReference; explicitFileType = "compiled.mach-o.executable"; includeInIndex = 0; path = Frame_Processor_Assignment; sourceTree = BUILT_PRODUCTS_DIR; };
		D30BE1951CCF85AF00CC3AD9 /* main.c */ = {isa = PBXFileReference; lastKnownFileType = sourcecode.c.c; path = main.c; sourceTree = "<group>"; };
/* End PBXFileReference section */

/* Begin PBXFrameworksBuildPhase section */
		D30BE18F1CCF85AF00CC3AD9 /* Frameworks */ = {
			isa = PBXFrameworksBuildPhase;
			buildActionMask = 2147483647;
			files = (
			);
			runOnlyForDeploymentPostprocessing = 0;
		};
/* End PBXFrameworksBuildPhase section */

/* Begin PBXGroup section */
		D30BE1891CCF85AF00CC3AD9 = {
			isa = PBXGroup;
			children = (
				D30BE1941CCF85AF00CC3AD9 /* Frame_Processor_Assignment */,
				D30BE1931CCF85AF00CC3AD9 /* Products */,
			);
			sourceTree = "<group>";
		};
		D30BE1931CCF85AF00CC3AD9 /* Products */ = {
			isa = PBXGroup;
			children = (
				D30BE1921CCF85AF00CC3AD9 /* Frame_Processor_Assignment */,
			);
			name = Products;
			sourceTree = "<group>";
		};
		D30BE1941CCF85AF00CC3AD9 /* Frame_Processor_Assignment */ = {
			isa = PBXGroup;
			children = (
				D30BE1951CCF85AF00CC3AD9 /* main.c */,
			);
			path = Frame_Processor_Assignment;
			sourceTree = "<group>";
		};
/* End PBXGroup section */

/* Begin PBXNativeTarget section */
		D30BE1911CCF85AF00CC3AD9 /* Frame_Processor_Assignment */ = {
			isa = PBXNativeTarget;
			buildConfigurationList = D30BE1991CCF85AF00CC3AD9 /* Build configuration list for PBXNativeTarget "Frame_Processor_Assignment" */;
			buildPhases = (
				D30BE18E1CCF85AF00CC3AD9 /* Sources */,
				D30BE18F1CCF85AF00CC3AD9 /* Frameworks */,
				D30BE1901CCF85AF00CC3AD9 /* CopyFiles */,
			);
			buildRules = (
			);
			dependencies = (
			);
			name = Frame_Processor_Assignment;
			productName = Frame_Processor_Assignment;
			productReference = D30BE1921CCF85AF00CC3AD9 /* Frame_Processor_Assignment */;
			productType = "com.apple.product-type.tool";
		};
/* End PBXNativeTarget section */

/* Begin PBXProject section */
		D30BE18A1CCF85AF00CC3AD9 /* Project object */ = {
			isa = PBXProject;
			attributes = {
				LastUpgradeCheck = 0730;
				ORGANIZATIONNAME = "Brian Insua";
				TargetAttributes = {
					D30BE1911CCF85AF00CC3AD9 = {
						CreatedOnToolsVersion = 7.3;
					};
				};
			};
			buildConfigurationList = D30BE18D1CCF85AF00CC3AD9 /* Build configuration list for PBXProject "Frame_Processor_Assignment" */;
			compatibilityVersion = "Xcode 3.2";
			developmentRegion = English;
			hasScannedForEncodings = 0;
			knownRegions = (
				en,
			);
			mainGroup = D30BE1891CCF85AF00CC3AD9;
			productRefGroup = D30BE1931CCF85AF00CC3AD9 /* Products */;
			projectDirPath = "";
			projectRoot = "";
			targets = (
				D30BE1911CCF85AF00CC3AD9 /* Frame_Processor_Assignment */,
			);
		};
/* End PBXProject section */

/* Begin PBXSourcesBuildPhase section */
		D30BE18E1CCF85AF00CC3AD9 /* Sources */ = {
			isa = PBXSourcesBuildPhase;
			buildActionMask = 2147483647;
			files = (
				D30BE1961CCF85AF00CC3AD9 /* main.c in Sources */,
			);
			runOnlyForDeploymentPostprocessing = 0;
		};
/* End PBXSourcesBuildPhase section */

/* Begin XCBuildConfiguration section */
		D30BE1971CCF85AF00CC3AD9 /* Debug */ = {
			isa = XCBuildConfiguration;
			buildSettings = {
				ALWAYS_SEARCH_USER_PATHS = NO;
				CLANG_ANALYZER_NONNULL = YES;
				CLANG_CXX_LANGUAGE_STANDARD = "gnu++0x";
				CLANG_CXX_LIBRARY = "libc++";
				CLANG_ENABLE_MODULES = YES;
				CLANG_ENABLE_OBJC_ARC = YES;
				CLANG_WARN_BOOL_CONVERSION = YES;
				CLANG_WARN_CONSTANT_CONVERSION = YES;
				CLANG_WARN_DIRECT_OBJC_ISA_USAGE = YES_ERROR;
				CLANG_WARN_EMPTY_BODY = YES;
				CLANG_WARN_ENUM_CONVERSION = YES;
				CLANG_WARN_INT_CONVERSION = YES;
				CLANG_WARN_OBJC_ROOT_CLASS = YES_ERROR;
				CLANG_WARN_UNREACHABLE_CODE = YES;
				CLANG_WARN__DUPLICATE_METHOD_MATCH = YES;
				CODE_SIGN_IDENTITY = "-";
				COPY_PHASE_STRIP = NO;
				DEBUG_INFORMATION_FORMAT = dwarf;
				ENABLE_STRICT_OBJC_MSGSEND = YES;
				ENABLE_TESTABILITY = YES;
				GCC_C_LANGUAGE_STANDARD = gnu99;
				GCC_DYNAMIC_NO_PIC = NO;
				GCC_NO_COMMON_BLOCKS = YES;
				GCC_OPTIMIZATION_LEVEL = 0;
				GCC_PREPROCESSOR_DEFINITIONS = (
					"DEBUG=1",
					"$(inherited)",
				);
				GCC_WARN_64_TO_32_BIT_CONVERSION = YES;
				GCC_WARN_ABOUT_RETURN_TYPE = YES_ERROR;
				GCC_WARN_UNDECLARED_SELECTOR = YES;
				GCC_WARN_UNINITIALIZED_AUTOS = YES_AGGRESSIVE;
				GCC_WARN_UNUSED_FUNCTION = YES;
				GCC_WARN_UNUSED_VARIABLE = YES;
				MACOSX_DEPLOYMENT_TARGET = 10.11;
				MTL_ENABLE_DEBUG_INFO = YES;
				ONLY_ACTIVE_ARCH = YES;
				SDKROOT = macosx;
			};
			name = Debug;
		};
		D30BE1981CCF85AF00CC3AD9 /* Release */ = {
			isa = XCBuildConfiguration;
			buildSettings = {
				ALWAYS_SEARCH_USER_PATHS = NO;
				CLANG_ANALYZER_NONNULL = YES;
				CLANG_CXX_LANGUAGE_STANDARD = "gnu++0x";
				CLANG_CXX_LIBRARY = "libc++";
				CLANG_ENABLE_MODULES = YES;
				CLANG_ENABLE_OBJC_ARC = YES;
				CLANG_WARN_BOOL_CONVERSION = YES;
				CLANG_WARN_CONSTANT_CONVERSION = YES;
				CLANG_WARN_DIRECT_OBJC_ISA_USAGE = YES_ERROR;
				CLANG_WARN_EMPTY_BODY = YES;
				CLANG_WARN_ENUM_CONVERSION = YES;
				CLANG_WARN_INT_CONVERSION = YES;
				CLANG_WARN_OBJC_ROOT_CLASS = YES_ERROR;
				CLANG_WARN_UNREACHABLE_CODE = YES;
				CLANG_WARN__DUPLICATE_METHOD_MATCH = YES;
				CODE_SIGN_IDENTITY = "-";
				COPY_PHASE_STRIP = NO;
				DEBUG_INFORMATION_FORMAT = "dwarf-with-dsym";
				ENABLE_NS_ASSERTIONS = NO;
				ENABLE_STRICT_OBJC_MSGSEND = YES;
				GCC_C_LANGUAGE_STANDARD = gnu99;
				GCC_NO_COMMON_BLOCKS = YES;
				GCC_WARN_64_TO_32_BIT_CONVERSION = YES;
				GCC_WARN_ABOUT_RETURN_TYPE = YES_ERROR;
				GCC_WARN_UNDECLARED_SELECTOR = YES;
				GCC_WARN_UNINITIALIZED_AUTOS = YES_AGGRESSIVE;
				GCC_WARN_UNUSED_FUNCTION = YES;
				GCC_WARN_UNUSED_VARIABLE = YES;
				MACOSX_DEPLOYMENT_TARGET = 10.11;
				MTL_ENABLE_DEBUG_INFO = NO;
				SDKROOT = macosx;
			};
			name = Release;
		};
		D30BE19A1CCF85AF00CC3AD9 /* Debug */ = {
			isa = XCBuildConfiguration;
			buildSettings = {
				PRODUCT_NAME = "$(TARGET_NAME)";
			};
			name = Debug;
		};
		D30BE19B1CCF85AF00CC3AD9 /* Release */ = {
			isa = XCBuildConfiguration;
			buildSettings = {
				PRODUCT_NAME = "$(TARGET_NAME)";
			};
			name = Release;
		};
/* End XCBuildConfiguration section */

/* Begin XCConfigurationList section */
		D30BE18D1CCF85AF00CC3AD9 /* Build configuration list for PBXProject "Frame_Processor_Assignment" */ = {
			isa = XCConfigurationList;
			buildConfigurations = (
				D30BE1971CCF85AF00CC3AD9 /* Debug */,
				D30BE1981CCF85AF00CC3AD9 /* Release */,
			);
			defaultConfigurationIsVisible = 0;
			defaultConfigurationName = Release;
		};
		D30BE1991CCF85AF00CC3AD9 /* Build configuration list for PBXNativeTarget "Frame_Processor_Assignment" */ = {
			isa = XCConfigurationList;
			buildConfigurations = (
				D30BE19A1CCF85AF00CC3AD9 /* Debug */,
				D30BE19B1CCF85AF00CC3AD9 /* Release */,
			);
			defaultConfigurationIsVisible = 0;
		};
/* End XCConfigurationList section */
	};
	rootObject = D30BE18A1CCF85AF00CC3AD9 /* Project object */;
}
